// !$*UTF8*$!
{
	archiveVersion = 1;
	classes = {
	};
	objectVersion = 48;
	objects = {

/* Begin PBXBuildFile section */
		2DCE14E91FC7749C0071782A /* AppDelegate.swift in Sources */ = {isa = PBXBuildFile; fileRef = 2DCE14E81FC7749C0071782A /* AppDelegate.swift */; };
		2DCE14EB1FC7749C0071782A /* ViewController.swift in Sources */ = {isa = PBXBuildFile; fileRef = 2DCE14EA1FC7749C0071782A /* ViewController.swift */; };
		2DCE14EE1FC7749C0071782A /* Main.storyboard in Resources */ = {isa = PBXBuildFile; fileRef = 2DCE14EC1FC7749C0071782A /* Main.storyboard */; };
		2DCE14F01FC7749C0071782A /* Assets.xcassets in Resources */ = {isa = PBXBuildFile; fileRef = 2DCE14EF1FC7749C0071782A /* Assets.xcassets */; };
		2DCE14F31FC7749C0071782A /* LaunchScreen.storyboard in Resources */ = {isa = PBXBuildFile; fileRef = 2DCE14F11FC7749C0071782A /* LaunchScreen.storyboard */; };
		2DCE14FE1FC7749C0071782A /* TipCalculatorTests.swift in Sources */ = {isa = PBXBuildFile; fileRef = 2DCE14FD1FC7749C0071782A /* TipCalculatorTests.swift */; };
		2DCE15091FC7749C0071782A /* TipCalculatorUITests.swift in Sources */ = {isa = PBXBuildFile; fileRef = 2DCE15081FC7749C0071782A /* TipCalculatorUITests.swift */; };
		2DF17E5F1FDA25AD00FA6BE4 /* SettingsViewController.swift in Sources */ = {isa = PBXBuildFile; fileRef = 2DF17E5E1FDA25AD00FA6BE4 /* SettingsViewController.swift */; };
/* End PBXBuildFile section */

/* Begin PBXContainerItemProxy section */
		2DCE14FA1FC7749C0071782A /* PBXContainerItemProxy */ = {
			isa = PBXContainerItemProxy;
			containerPortal = 2DCE14DD1FC7749C0071782A /* Project object */;
			proxyType = 1;
			remoteGlobalIDString = 2DCE14E41FC7749C0071782A;
			remoteInfo = TipCalculator;
		};
		2DCE15051FC7749C0071782A /* PBXContainerItemProxy */ = {
			isa = PBXContainerItemProxy;
			containerPortal = 2DCE14DD1FC7749C0071782A /* Project object */;
			proxyType = 1;
			remoteGlobalIDString = 2DCE14E41FC7749C0071782A;
			remoteInfo = TipCalculator;
		};
/* End PBXContainerItemProxy section */

/* Begin PBXFileReference section */
		2DCE14E51FC7749C0071782A /* TipCalculator.app */ = {isa = PBXFileReference; explicitFileType = wrapper.application; includeInIndex = 0; path = TipCalculator.app; sourceTree = BUILT_PRODUCTS_DIR; };
		2DCE14E81FC7749C0071782A /* AppDelegate.swift */ = {isa = PBXFileReference; lastKnownFileType = sourcecode.swift; path = AppDelegate.swift; sourceTree = "<group>"; };
		2DCE14EA1FC7749C0071782A /* ViewController.swift */ = {isa = PBXFileReference; lastKnownFileType = sourcecode.swift; path = ViewController.swift; sourceTree = "<group>"; };
		2DCE14ED1FC7749C0071782A /* Base */ = {isa = PBXFileReference; lastKnownFileType = file.storyboard; name = Base; path = Base.lproj/Main.storyboard; sourceTree = "<group>"; };
		2DCE14EF1FC7749C0071782A /* Assets.xcassets */ = {isa = PBXFileReference; lastKnownFileType = folder.assetcatalog; path = Assets.xcassets; sourceTree = "<group>"; };
		2DCE14F21FC7749C0071782A /* Base */ = {isa = PBXFileReference; lastKnownFileType = file.storyboard; name = Base; path = Base.lproj/LaunchScreen.storyboard; sourceTree = "<group>"; };
		2DCE14F41FC7749C0071782A /* Info.plist */ = {isa = PBXFileReference; lastKnownFileType = text.plist.xml; path = Info.plist; sourceTree = "<group>"; };
		2DCE14F91FC7749C0071782A /* TipCalculatorTests.xctest */ = {isa = PBXFileReference; explicitFileType = wrapper.cfbundle; includeInIndex = 0; path = TipCalculatorTests.xctest; sourceTree = BUILT_PRODUCTS_DIR; };
		2DCE14FD1FC7749C0071782A /* TipCalculatorTests.swift */ = {isa = PBXFileReference; lastKnownFileType = sourcecode.swift; path = TipCalculatorTests.swift; sourceTree = "<group>"; };
		2DCE14FF1FC7749C0071782A /* Info.plist */ = {isa = PBXFileReference; lastKnownFileType = text.plist.xml; path = Info.plist; sourceTree = "<group>"; };
		2DCE15041FC7749C0071782A /* TipCalculatorUITests.xctest */ = {isa = PBXFileReference; explicitFileType = wrapper.cfbundle; includeInIndex = 0; path = TipCalculatorUITests.xctest; sourceTree = BUILT_PRODUCTS_DIR; };
		2DCE15081FC7749C0071782A /* TipCalculatorUITests.swift */ = {isa = PBXFileReference; lastKnownFileType = sourcecode.swift; path = TipCalculatorUITests.swift; sourceTree = "<group>"; };
		2DCE150A1FC7749C0071782A /* Info.plist */ = {isa = PBXFileReference; lastKnownFileType = text.plist.xml; path = Info.plist; sourceTree = "<group>"; };
		2DF17E5E1FDA25AD00FA6BE4 /* SettingsViewController.swift */ = {isa = PBXFileReference; lastKnownFileType = sourcecode.swift; path = SettingsViewController.swift; sourceTree = "<group>"; };
/* End PBXFileReference section */

/* Begin PBXFrameworksBuildPhase section */
		2DCE14E21FC7749C0071782A /* Frameworks */ = {
			isa = PBXFrameworksBuildPhase;
			buildActionMask = 2147483647;
			files = (
			);
			runOnlyForDeploymentPostprocessing = 0;
		};
		2DCE14F61FC7749C0071782A /* Frameworks */ = {
			isa = PBXFrameworksBuildPhase;
			buildActionMask = 2147483647;
			files = (
			);
			runOnlyForDeploymentPostprocessing = 0;
		};
		2DCE15011FC7749C0071782A /* Frameworks */ = {
			isa = PBXFrameworksBuildPhase;
			buildActionMask = 2147483647;
			files = (
			);
			runOnlyForDeploymentPostprocessing = 0;
		};
/* End PBXFrameworksBuildPhase section */

/* Begin PBXGroup section */
		2DCE14DC1FC7749C0071782A = {
			isa = PBXGroup;
			children = (
				2DCE14E71FC7749C0071782A /* TipCalculator */,
				2DCE14FC1FC7749C0071782A /* TipCalculatorTests */,
				2DCE15071FC7749C0071782A /* TipCalculatorUITests */,
				2DCE14E61FC7749C0071782A /* Products */,
			);
			sourceTree = "<group>";
		};
		2DCE14E61FC7749C0071782A /* Products */ = {
			isa = PBXGroup;
			children = (
				2DCE14E51FC7749C0071782A /* TipCalculator.app */,
				2DCE14F91FC7749C0071782A /* TipCalculatorTests.xctest */,
				2DCE15041FC7749C0071782A /* TipCalculatorUITests.xctest */,
			);
			name = Products;
			sourceTree = "<group>";
		};
		2DCE14E71FC7749C0071782A /* TipCalculator */ = {
			isa = PBXGroup;
			children = (
				2DCE14E81FC7749C0071782A /* AppDelegate.swift */,
				2DCE14EA1FC7749C0071782A /* ViewController.swift */,
				2DCE14EC1FC7749C0071782A /* Main.storyboard */,
				2DF17E5E1FDA25AD00FA6BE4 /* SettingsViewController.swift */,
				2DCE14EF1FC7749C0071782A /* Assets.xcassets */,
				2DCE14F11FC7749C0071782A /* LaunchScreen.storyboard */,
				2DCE14F41FC7749C0071782A /* Info.plist */,
			);
			path = TipCalculator;
			sourceTree = "<group>";
		};
		2DCE14FC1FC7749C0071782A /* TipCalculatorTests */ = {
			isa = PBXGroup;
			children = (
				2DCE14FD1FC7749C0071782A /* TipCalculatorTests.swift */,
				2DCE14FF1FC7749C0071782A /* Info.plist */,
			);
			path = TipCalculatorTests;
			sourceTree = "<group>";
		};
		2DCE15071FC7749C0071782A /* TipCalculatorUITests */ = {
			isa = PBXGroup;
			children = (
				2DCE15081FC7749C0071782A /* TipCalculatorUITests.swift */,
				2DCE150A1FC7749C0071782A /* Info.plist */,
			);
			path = TipCalculatorUITests;
			sourceTree = "<group>";
		};
/* End PBXGroup section */

/* Begin PBXNativeTarget section */
		2DCE14E41FC7749C0071782A /* TipCalculator */ = {
			isa = PBXNativeTarget;
			buildConfigurationList = 2DCE150D1FC7749C0071782A /* Build configuration list for PBXNativeTarget "TipCalculator" */;
			buildPhases = (
				2DCE14E11FC7749C0071782A /* Sources */,
				2DCE14E21FC7749C0071782A /* Frameworks */,
				2DCE14E31FC7749C0071782A /* Resources */,
			);
			buildRules = (
			);
			dependencies = (
			);
			name = TipCalculator;
			productName = TipCalculator;
			productReference = 2DCE14E51FC7749C0071782A /* TipCalculator.app */;
			productType = "com.apple.product-type.application";
		};
		2DCE14F81FC7749C0071782A /* TipCalculatorTests */ = {
			isa = PBXNativeTarget;
			buildConfigurationList = 2DCE15101FC7749C0071782A /* Build configuration list for PBXNativeTarget "TipCalculatorTests" */;
			buildPhases = (
				2DCE14F51FC7749C0071782A /* Sources */,
				2DCE14F61FC7749C0071782A /* Frameworks */,
				2DCE14F71FC7749C0071782A /* Resources */,
			);
			buildRules = (
			);
			dependencies = (
				2DCE14FB1FC7749C0071782A /* PBXTargetDependency */,
			);
			name = TipCalculatorTests;
			productName = TipCalculatorTests;
			productReference = 2DCE14F91FC7749C0071782A /* TipCalculatorTests.xctest */;
			productType = "com.apple.product-type.bundle.unit-test";
		};
		2DCE15031FC7749C0071782A /* TipCalculatorUITests */ = {
			isa = PBXNativeTarget;
			buildConfigurationList = 2DCE15131FC7749C0071782A /* Build configuration list for PBXNativeTarget "TipCalculatorUITests" */;
			buildPhases = (
				2DCE15001FC7749C0071782A /* Sources */,
				2DCE15011FC7749C0071782A /* Frameworks */,
				2DCE15021FC7749C0071782A /* Resources */,
			);
			buildRules = (
			);
			dependencies = (
				2DCE15061FC7749C0071782A /* PBXTargetDependency */,
			);
			name = TipCalculatorUITests;
			productName = TipCalculatorUITests;
			productReference = 2DCE15041FC7749C0071782A /* TipCalculatorUITests.xctest */;
			productType = "com.apple.product-type.bundle.ui-testing";
		};
/* End PBXNativeTarget section */

/* Begin PBXProject section */
		2DCE14DD1FC7749C0071782A /* Project object */ = {
			isa = PBXProject;
			attributes = {
				LastSwiftUpdateCheck = 0910;
				LastUpgradeCheck = 0910;
				ORGANIZATIONNAME = "Nicholas Szeto";
				TargetAttributes = {
					2DCE14E41FC7749C0071782A = {
						CreatedOnToolsVersion = 9.1;
						ProvisioningStyle = Automatic;
					};
					2DCE14F81FC7749C0071782A = {
						CreatedOnToolsVersion = 9.1;
						ProvisioningStyle = Automatic;
						TestTargetID = 2DCE14E41FC7749C0071782A;
					};
					2DCE15031FC7749C0071782A = {
						CreatedOnToolsVersion = 9.1;
						ProvisioningStyle = Automatic;
						TestTargetID = 2DCE14E41FC7749C0071782A;
					};
				};
			};
			buildConfigurationList = 2DCE14E01FC7749C0071782A /* Build configuration list for PBXProject "TipCalculator" */;
			compatibilityVersion = "Xcode 8.0";
			developmentRegion = en;
			hasScannedForEncodings = 0;
			knownRegions = (
				en,
				Base,
			);
			mainGroup = 2DCE14DC1FC7749C0071782A;
			productRefGroup = 2DCE14E61FC7749C0071782A /* Products */;
			projectDirPath = "";
			projectRoot = "";
			targets = (
				2DCE14E41FC7749C0071782A /* TipCalculator */,
				2DCE14F81FC7749C0071782A /* TipCalculatorTests */,
				2DCE15031FC7749C0071782A /* TipCalculatorUITests */,
			);
		};
/* End PBXProject section */

/* Begin PBXResourcesBuildPhase section */
		2DCE14E31FC7749C0071782A /* Resources */ = {
			isa = PBXResourcesBuildPhase;
			buildActionMask = 2147483647;
			files = (
				2DCE14F31FC7749C0071782A /* LaunchScreen.storyboard in Resources */,
				2DCE14F01FC7749C0071782A /* Assets.xcassets in Resources */,
				2DCE14EE1FC7749C0071782A /* Main.storyboard in Resources */,
			);
			runOnlyForDeploymentPostprocessing = 0;
		};
		2DCE14F71FC7749C0071782A /* Resources */ = {
			isa = PBXResourcesBuildPhase;
			buildActionMask = 2147483647;
			files = (
			);
			runOnlyForDeploymentPostprocessing = 0;
		};
		2DCE15021FC7749C0071782A /* Resources */ = {
			isa = PBXResourcesBuildPhase;
			buildActionMask = 2147483647;
			files = (
			);
			runOnlyForDeploymentPostprocessing = 0;
		};
/* End PBXResourcesBuildPhase section */

/* Begin PBXSourcesBuildPhase section */
		2DCE14E11FC7749C0071782A /* Sources */ = {
			isa = PBXSourcesBuildPhase;
			buildActionMask = 2147483647;
			files = (
				2DCE14EB1FC7749C0071782A /* ViewController.swift in Sources */,
				2DCE14E91FC7749C0071782A /* AppDelegate.swift in Sources */,
				2DF17E5F1FDA25AD00FA6BE4 /* SettingsViewController.swift in Sources */,
			);
			runOnlyForDeploymentPostprocessing = 0;
		};
		2DCE14F51FC7749C0071782A /* Sources */ = {
			isa = PBXSourcesBuildPhase;
			buildActionMask = 2147483647;
			files = (
				2DCE14FE1FC7749C0071782A /* TipCalculatorTests.swift in Sources */,
			);
			runOnlyForDeploymentPostprocessing = 0;
		};
		2DCE15001FC7749C0071782A /* Sources */ = {
			isa = PBXSourcesBuildPhase;
			buildActionMask = 2147483647;
			files = (
				2DCE15091FC7749C0071782A /* TipCalculatorUITests.swift in Sources */,
			);
			runOnlyForDeploymentPostprocessing = 0;
		};
/* End PBXSourcesBuildPhase section */

/* Begin PBXTargetDependency section */
		2DCE14FB1FC7749C0071782A /* PBXTargetDependency */ = {
			isa = PBXTargetDependency;
			target = 2DCE14E41FC7749C0071782A /* TipCalculator */;
			targetProxy = 2DCE14FA1FC7749C0071782A /* PBXContainerItemProxy */;
		};
		2DCE15061FC7749C0071782A /* PBXTargetDependency */ = {
			isa = PBXTargetDependency;
			target = 2DCE14E41FC7749C0071782A /* TipCalculator */;
			targetProxy = 2DCE15051FC7749C0071782A /* PBXContainerItemProxy */;
		};
/* End PBXTargetDependency section */

/* Begin PBXVariantGroup section */
		2DCE14EC1FC7749C0071782A /* Main.storyboard */ = {
			isa = PBXVariantGroup;
			children = (
				2DCE14ED1FC7749C0071782A /* Base */,
			);
			name = Main.storyboard;
			sourceTree = "<group>";
		};
		2DCE14F11FC7749C0071782A /* LaunchScreen.storyboard */ = {
			isa = PBXVariantGroup;
			children = (
				2DCE14F21FC7749C0071782A /* Base */,
			);
			name = LaunchScreen.storyboard;
			sourceTree = "<group>";
		};
/* End PBXVariantGroup section */

/* Begin XCBuildConfiguration section */
		2DCE150B1FC7749C0071782A /* Debug */ = {
			isa = XCBuildConfiguration;
			buildSettings = {
				ALWAYS_SEARCH_USER_PATHS = NO;
				CLANG_ANALYZER_NONNULL = YES;
				CLANG_ANALYZER_NUMBER_OBJECT_CONVERSION = YES_AGGRESSIVE;
				CLANG_CXX_LANGUAGE_STANDARD = "gnu++14";
				CLANG_CXX_LIBRARY = "libc++";
				CLANG_ENABLE_MODULES = YES;
				CLANG_ENABLE_OBJC_ARC = YES;
				CLANG_WARN_BLOCK_CAPTURE_AUTORELEASING = YES;
				CLANG_WARN_BOOL_CONVERSION = YES;
				CLANG_WARN_COMMA = YES;
				CLANG_WARN_CONSTANT_CONVERSION = YES;
				CLANG_WARN_DIRECT_OBJC_ISA_USAGE = YES_ERROR;
				CLANG_WARN_DOCUMENTATION_COMMENTS = YES;
				CLANG_WARN_EMPTY_BODY = YES;
				CLANG_WARN_ENUM_CONVERSION = YES;
				CLANG_WARN_INFINITE_RECURSION = YES;
				CLANG_WARN_INT_CONVERSION = YES;
				CLANG_WARN_NON_LITERAL_NULL_CONVERSION = YES;
				CLANG_WARN_OBJC_LITERAL_CONVERSION = YES;
				CLANG_WARN_OBJC_ROOT_CLASS = YES_ERROR;
				CLANG_WARN_RANGE_LOOP_ANALYSIS = YES;
				CLANG_WARN_STRICT_PROTOTYPES = YES;
				CLANG_WARN_SUSPICIOUS_MOVE = YES;
				CLANG_WARN_UNGUARDED_AVAILABILITY = YES_AGGRESSIVE;
				CLANG_WARN_UNREACHABLE_CODE = YES;
				CLANG_WARN__DUPLICATE_METHOD_MATCH = YES;
				CODE_SIGN_IDENTITY = "iPhone Developer";
				COPY_PHASE_STRIP = NO;
				DEBUG_INFORMATION_FORMAT = dwarf;
				ENABLE_STRICT_OBJC_MSGSEND = YES;
				ENABLE_TESTABILITY = YES;
				GCC_C_LANGUAGE_STANDARD = gnu11;
				GCC_DYNAMIC_NO_PIC = NO;
				GCC_NO_COMMON_BLOCKS = YES;
				GCC_OPTIMIZATION_LEVEL = 0;
				GCC_PREPROCESSOR_DEFINITIONS = (
					"DEBUG=1",
					"$(inherited)",
				);
				GCC_WARN_64_TO_32_BIT_CONVERSION = YES;
				GCC_WARN_ABOUT_RETURN_TYPE = YES_ERROR;
				GCC_WARN_UNDECLARED_SELECTOR = YES;
				GCC_WARN_UNINITIALIZED_AUTOS = YES_AGGRESSIVE;
				GCC_WARN_UNUSED_FUNCTION = YES;
				GCC_WARN_UNUSED_VARIABLE = YES;
				IPHONEOS_DEPLOYMENT_TARGET = 11.1;
				MTL_ENABLE_DEBUG_INFO = YES;
				ONLY_ACTIVE_ARCH = YES;
				SDKROOT = iphoneos;
				SWIFT_ACTIVE_COMPILATION_CONDITIONS = DEBUG;
				SWIFT_OPTIMIZATION_LEVEL = "-Onone";
			};
			name = Debug;
		};
		2DCE150C1FC7749C0071782A /* Release */ = {
			isa = XCBuildConfiguration;
			buildSettings = {
				ALWAYS_SEARCH_USER_PATHS = NO;
				CLANG_ANALYZER_NONNULL = YES;
				CLANG_ANALYZER_NUMBER_OBJECT_CONVERSION = YES_AGGRESSIVE;
				CLANG_CXX_LANGUAGE_STANDARD = "gnu++14";
				CLANG_CXX_LIBRARY = "libc++";
				CLANG_ENABLE_MODULES = YES;
				CLANG_ENABLE_OBJC_ARC = YES;
				CLANG_WARN_BLOCK_CAPTURE_AUTORELEASING = YES;
				CLANG_WARN_BOOL_CONVERSION = YES;
				CLANG_WARN_COMMA = YES;
				CLANG_WARN_CONSTANT_CONVERSION = YES;
				CLANG_WARN_DIRECT_OBJC_ISA_USAGE = YES_ERROR;
				CLANG_WARN_DOCUMENTATION_COMMENTS = YES;
				CLANG_WARN_EMPTY_BODY = YES;
				CLANG_WARN_ENUM_CONVERSION = YES;
				CLANG_WARN_INFINITE_RECURSION = YES;
				CLANG_WARN_INT_CONVERSION = YES;
				CLANG_WARN_NON_LITERAL_NULL_CONVERSION = YES;
				CLANG_WARN_OBJC_LITERAL_CONVERSION = YES;
				CLANG_WARN_OBJC_ROOT_CLASS = YES_ERROR;
				CLANG_WARN_RANGE_LOOP_ANALYSIS = YES;
				CLANG_WARN_STRICT_PROTOTYPES = YES;
				CLANG_WARN_SUSPICIOUS_MOVE = YES;
				CLANG_WARN_UNGUARDED_AVAILABILITY = YES_AGGRESSIVE;
				CLANG_WARN_UNREACHABLE_CODE = YES;
				CLANG_WARN__DUPLICATE_METHOD_MATCH = YES;
				CODE_SIGN_IDENTITY = "iPhone Developer";
				COPY_PHASE_STRIP = NO;
				DEBUG_INFORMATION_FORMAT = "dwarf-with-dsym";
				ENABLE_NS_ASSERTIONS = NO;
				ENABLE_STRICT_OBJC_MSGSEND = YES;
				GCC_C_LANGUAGE_STANDARD = gnu11;
				GCC_NO_COMMON_BLOCKS = YES;
				GCC_WARN_64_TO_32_BIT_CONVERSION = YES;
				GCC_WARN_ABOUT_RETURN_TYPE = YES_ERROR;
				GCC_WARN_UNDECLARED_SELECTOR = YES;
				GCC_WARN_UNINITIALIZED_AUTOS = YES_AGGRESSIVE;
				GCC_WARN_UNUSED_FUNCTION = YES;
				GCC_WARN_UNUSED_VARIABLE = YES;
				IPHONEOS_DEPLOYMENT_TARGET = 11.1;
				MTL_ENABLE_DEBUG_INFO = NO;
				SDKROOT = iphoneos;
				SWIFT_OPTIMIZATION_LEVEL = "-Owholemodule";
				VALIDATE_PRODUCT = YES;
			};
			name = Release;
		};
		2DCE150E1FC7749C0071782A /* Debug */ = {
			isa = XCBuildConfiguration;
			buildSettings = {
				ASSETCATALOG_COMPILER_APPICON_NAME = AppIcon;
				CODE_SIGN_STYLE = Automatic;
				INFOPLIST_FILE = TipCalculator/Info.plist;
				LD_RUNPATH_SEARCH_PATHS = "$(inherited) @executable_path/Frameworks";
				PRODUCT_BUNDLE_IDENTIFIER = niszeto.TipCalculator;
				PRODUCT_NAME = "$(TARGET_NAME)";
				SWIFT_VERSION = 4.0;
				TARGETED_DEVICE_FAMILY = "1,2";
			};
			name = Debug;
		};
		2DCE150F1FC7749C0071782A /* Release */ = {
			isa = XCBuildConfiguration;
			buildSettings = {
				ASSETCATALOG_COMPILER_APPICON_NAME = AppIcon;
				CODE_SIGN_STYLE = Automatic;
				INFOPLIST_FILE = TipCalculator/Info.plist;
				LD_RUNPATH_SEARCH_PATHS = "$(inherited) @executable_path/Frameworks";
				PRODUCT_BUNDLE_IDENTIFIER = niszeto.TipCalculator;
				PRODUCT_NAME = "$(TARGET_NAME)";
				SWIFT_VERSION = 4.0;
				TARGETED_DEVICE_FAMILY = "1,2";
			};
			name = Release;
		};
		2DCE15111FC7749C0071782A /* Debug */ = {
			isa = XCBuildConfiguration;
			buildSettings = {
				ALWAYS_EMBED_SWIFT_STANDARD_LIBRARIES = YES;
				BUNDLE_LOADER = "$(TEST_HOST)";
				CODE_SIGN_STYLE = Automatic;
				INFOPLIST_FILE = TipCalculatorTests/Info.plist;
				LD_RUNPATH_SEARCH_PATHS = "$(inherited) @executable_path/Frameworks @loader_path/Frameworks";
				PRODUCT_BUNDLE_IDENTIFIER = niszeto.TipCalculatorTests;
				PRODUCT_NAME = "$(TARGET_NAME)";
				SWIFT_VERSION = 4.0;
				TARGETED_DEVICE_FAMILY = "1,2";
				TEST_HOST = "$(BUILT_PRODUCTS_DIR)/TipCalculator.app/TipCalculator";
			};
			name = Debug;
		};
		2DCE15121FC7749C0071782A /* Release */ = {
			isa = XCBuildConfiguration;
			buildSettings = {
				ALWAYS_EMBED_SWIFT_STANDARD_LIBRARIES = YES;
				BUNDLE_LOADER = "$(TEST_HOST)";
				CODE_SIGN_STYLE = Automatic;
				INFOPLIST_FILE = TipCalculatorTests/Info.plist;
				LD_RUNPATH_SEARCH_PATHS = "$(inherited) @executable_path/Frameworks @loader_path/Frameworks";
				PRODUCT_BUNDLE_IDENTIFIER = niszeto.TipCalculatorTests;
				PRODUCT_NAME = "$(TARGET_NAME)";
				SWIFT_VERSION = 4.0;
				TARGETED_DEVICE_FAMILY = "1,2";
				TEST_HOST = "$(BUILT_PRODUCTS_DIR)/TipCalculator.app/TipCalculator";
			};
			name = Release;
		};
		2DCE15141FC7749C0071782A /* Debug */ = {
			isa = XCBuildConfiguration;
			buildSettings = {
				ALWAYS_EMBED_SWIFT_STANDARD_LIBRARIES = YES;
				CODE_SIGN_STYLE = Automatic;
				INFOPLIST_FILE = TipCalculatorUITests/Info.plist;
				LD_RUNPATH_SEARCH_PATHS = "$(inherited) @executable_path/Frameworks @loader_path/Frameworks";
				PRODUCT_BUNDLE_IDENTIFIER = niszeto.TipCalculatorUITests;
				PRODUCT_NAME = "$(TARGET_NAME)";
				SWIFT_VERSION = 4.0;
				TARGETED_DEVICE_FAMILY = "1,2";
				TEST_TARGET_NAME = TipCalculator;
			};
			name = Debug;
		};
		2DCE15151FC7749C0071782A /* Release */ = {
			isa = XCBuildConfiguration;
			buildSettings = {
				ALWAYS_EMBED_SWIFT_STANDARD_LIBRARIES = YES;
				CODE_SIGN_STYLE = Automatic;
				INFOPLIST_FILE = TipCalculatorUITests/Info.plist;
				LD_RUNPATH_SEARCH_PATHS = "$(inherited) @executable_path/Frameworks @loader_path/Frameworks";
				PRODUCT_BUNDLE_IDENTIFIER = niszeto.TipCalculatorUITests;
				PRODUCT_NAME = "$(TARGET_NAME)";
				SWIFT_VERSION = 4.0;
				TARGETED_DEVICE_FAMILY = "1,2";
				TEST_TARGET_NAME = TipCalculator;
			};
			name = Release;
		};
/* End XCBuildConfiguration section */

/* Begin XCConfigurationList section */
		2DCE14E01FC7749C0071782A /* Build configuration list for PBXProject "TipCalculator" */ = {
			isa = XCConfigurationList;
			buildConfigurations = (
				2DCE150B1FC7749C0071782A /* Debug */,
				2DCE150C1FC7749C0071782A /* Release */,
			);
			defaultConfigurationIsVisible = 0;
			defaultConfigurationName = Release;
		};
		2DCE150D1FC7749C0071782A /* Build configuration list for PBXNativeTarget "TipCalculator" */ = {
			isa = XCConfigurationList;
			buildConfigurations = (
				2DCE150E1FC7749C0071782A /* Debug */,
				2DCE150F1FC7749C0071782A /* Release */,
			);
			defaultConfigurationIsVisible = 0;
			defaultConfigurationName = Release;
		};
		2DCE15101FC7749C0071782A /* Build configuration list for PBXNativeTarget "TipCalculatorTests" */ = {
			isa = XCConfigurationList;
			buildConfigurations = (
				2DCE15111FC7749C0071782A /* Debug */,
				2DCE15121FC7749C0071782A /* Release */,
			);
			defaultConfigurationIsVisible = 0;
			defaultConfigurationName = Release;
		};
		2DCE15131FC7749C0071782A /* Build configuration list for PBXNativeTarget "TipCalculatorUITests" */ = {
			isa = XCConfigurationList;
			buildConfigurations = (
				2DCE15141FC7749C0071782A /* Debug */,
				2DCE15151FC7749C0071782A /* Release */,
			);
			defaultConfigurationIsVisible = 0;
			defaultConfigurationName = Release;
		};
/* End XCConfigurationList section */
	};
	rootObject = 2DCE14DD1FC7749C0071782A /* Project object */;
}
